{
  "name": "arbitrage",
  "version": "1.0.0",
  "lockfileVersion": 1,
  "requires": true,
  "dependencies": {
    "ccxt": {
      "version": "1.42.45",
      "resolved": "https://registry.npmjs.org/ccxt/-/ccxt-1.42.45.tgz",
      "integrity": "sha512-TCafu8+vqsJUzZ4Z9528k2m0XUw+g47EKM75NsLePwjCf0xga259UkBVGwjD+CLNh4kqPVqdk35Cyqz1rQGd2A=="
    }
  }
}
