{
  "name": "arbitrage",
  "version": "1.0.0",
  "lockfileVersion": 2,
  "requires": true,
  "packages": {
    "": {
      "version": "1.0.0",
      "license": "UNLICENSED",
      "dependencies": {
        "ccxt": "^1.42.45",
        "config": "^3.3.4",
        "csv-writer": "^1.6.0"
      },
      "devDependencies": {}
    },
    "node_modules/ccxt": {
      "version": "1.42.64",
      "resolved": "https://registry.npmjs.org/ccxt/-/ccxt-1.42.64.tgz",
      "integrity": "sha512-s/w9YFNdW4TNNS29iQdEoCOCchIarkJllc4hr2et0pN0bvVtnWtzRaH6A2b/SxGJct57JGDUi05rgAuOyT/FdA==",
      "hasInstallScript": true,
      "engines": {
        "node": ">=7.6.0"
      }
    },
    "node_modules/config": {
      "version": "3.3.4",
      "resolved": "https://registry.npmjs.org/config/-/config-3.3.4.tgz",
      "integrity": "sha512-URO0m6z+rtENGHqtzO7W7C35iF+H9KVe7JJFps+3TIqZEOHl83NqTAgp5h8ah96m4NPQnx08nPBfbtDU+PgjVA==",
      "dependencies": {
        "json5": "^2.1.1"
      },
      "engines": {
        "node": ">= 10.0.0"
      }
    },
    "node_modules/csv-writer": {
      "version": "1.6.0",
      "resolved": "https://registry.npmjs.org/csv-writer/-/csv-writer-1.6.0.tgz",
      "integrity": "sha512-NOx7YDFWEsM/fTRAJjRpPp8t+MKRVvniAg9wQlUKx20MFrPs73WLJhFf5iteqrxNYnsy924K3Iroh3yNHeYd2g=="
    },
    "node_modules/json5": {
      "version": "2.2.0",
      "resolved": "https://registry.npmjs.org/json5/-/json5-2.2.0.tgz",
      "integrity": "sha512-f+8cldu7X/y7RAJurMEJmdoKXGB/X550w2Nr3tTbezL6RwEE/iMcm+tZnXeoZtKuOq6ft8+CqzEkrIgx1fPoQA==",
      "dependencies": {
        "minimist": "^1.2.5"
      },
      "bin": {
        "json5": "lib/cli.js"
      },
      "engines": {
        "node": ">=6"
      }
    },
    "node_modules/minimist": {
      "version": "1.2.5",
      "resolved": "https://registry.npmjs.org/minimist/-/minimist-1.2.5.tgz",
      "integrity": "sha512-FM9nNUYrRBAELZQT3xeZQ7fmMOBg6nWNmJKTcgsJeaLstP/UODVpGsr5OhXhhXg6f+qtJ8uiZ+PUxkDWcgIXLw=="
    }
  },
  "dependencies": {
    "ccxt": {
      "version": "1.42.64",
      "resolved": "https://registry.npmjs.org/ccxt/-/ccxt-1.42.64.tgz",
      "integrity": "sha512-s/w9YFNdW4TNNS29iQdEoCOCchIarkJllc4hr2et0pN0bvVtnWtzRaH6A2b/SxGJct57JGDUi05rgAuOyT/FdA=="
    },
    "config": {
      "version": "3.3.4",
      "resolved": "https://registry.npmjs.org/config/-/config-3.3.4.tgz",
      "integrity": "sha512-URO0m6z+rtENGHqtzO7W7C35iF+H9KVe7JJFps+3TIqZEOHl83NqTAgp5h8ah96m4NPQnx08nPBfbtDU+PgjVA==",
      "requires": {
        "json5": "^2.1.1"
      }
    },
    "csv-writer": {
      "version": "1.6.0",
      "resolved": "https://registry.npmjs.org/csv-writer/-/csv-writer-1.6.0.tgz",
      "integrity": "sha512-NOx7YDFWEsM/fTRAJjRpPp8t+MKRVvniAg9wQlUKx20MFrPs73WLJhFf5iteqrxNYnsy924K3Iroh3yNHeYd2g=="
    },
    "json5": {
      "version": "2.2.0",
      "resolved": "https://registry.npmjs.org/json5/-/json5-2.2.0.tgz",
      "integrity": "sha512-f+8cldu7X/y7RAJurMEJmdoKXGB/X550w2Nr3tTbezL6RwEE/iMcm+tZnXeoZtKuOq6ft8+CqzEkrIgx1fPoQA==",
      "requires": {
        "minimist": "^1.2.5"
      }
    },
    "minimist": {
      "version": "1.2.5",
      "resolved": "https://registry.npmjs.org/minimist/-/minimist-1.2.5.tgz",
      "integrity": "sha512-FM9nNUYrRBAELZQT3xeZQ7fmMOBg6nWNmJKTcgsJeaLstP/UODVpGsr5OhXhhXg6f+qtJ8uiZ+PUxkDWcgIXLw=="
    }
  }
}
